
Microsoft Visual Studio Solution File, Format Version 12.00
# Visual Studio Version 17
VisualStudioVersion = 17.14.36109.1 d17.14
MinimumVisualStudioVersion = 10.0.40219.1
Project("{FAE04EC0-301F-11D3-BF4B-00C04F79EFBC}") = "DominoPassword", "DominoPassword\DominoPassword.csproj", "{7B1421BF-7CC2-4334-B984-6A19C9945B66}"
EndProject
Global
	GlobalSection(SolutionConfigurationPlatforms) = preSolution
		Debug|Any CPU = Debug|Any CPU
		Release|Any CPU = Release|Any CPU
	EndGlobalSection
	GlobalSection(ProjectConfigurationPlatforms) = postSolution
		{7B1421BF-7CC2-4334-B984-6A19C9945B66}.Debug|Any CPU.ActiveCfg = Debug|Any CPU
		{7B1421BF-7CC2-4334-B984-6A19C9945B66}.Debug|Any CPU.Build.0 = Debug|Any CPU
		{7B1421BF-7CC2-4334-B984-6A19C9945B66}.Release|Any CPU.ActiveCfg = Release|Any CPU
		{7B1421BF-7CC2-4334-B984-6A19C9945B66}.Release|Any CPU.Build.0 = Release|Any CPU
	EndGlobalSection
	GlobalSection(SolutionProperties) = preSolution
		HideSolutionNode = FALSE
	EndGlobalSection
	GlobalSection(ExtensibilityGlobals) = postSolution
		SolutionGuid = {09A05B91-5DE6-4724-98BA-1F2B371CE1ED}
	EndGlobalSection
EndGlobal
